{
  "lockfileVersion": 1,
  "workspaces": {
    "": {
      "name": "solidclaw",
      "dependencies": {
        "drizzle-orm": "^0.36.4",
        "hono": "^4.3.2",
        "zod": "^3.23.8",
      },
    },
  },
  "packages": {
    "drizzle-orm": ["drizzle-orm@0.36.4", "", { "peerDependencies": { "@aws-sdk/client-rds-data": ">=3", "@cloudflare/workers-types": ">=3", "@electric-sql/pglite": ">=0.2.0", "@libsql/client": ">=0.10.0", "@libsql/client-wasm": ">=0.10.0", "@neondatabase/serverless": ">=0.10.0", "@op-engineering/op-sqlite": ">=2", "@opentelemetry/api": "^1.4.1", "@planetscale/database": ">=1", "@prisma/client": "*", "@tidbcloud/serverless": "*", "@types/better-sqlite3": "*", "@types/pg": "*", "@types/react": ">=18", "@types/sql.js": "*", "@vercel/postgres": ">=0.8.0", "@xata.io/client": "*", "better-sqlite3": ">=7", "bun-types": "*", "expo-sqlite": ">=14.0.0", "knex": "*", "kysely": "*", "mysql2": ">=2", "pg": ">=8", "postgres": ">=3", "react": ">=18", "sql.js": ">=1", "sqlite3": ">=5" }, "optionalPeers": ["@aws-sdk/client-rds-data", "@cloudflare/workers-types", "@electric-sql/pglite", "@libsql/client", "@libsql/client-wasm", "@neondatabase/serverless", "@op-engineering/op-sqlite", "@opentelemetry/api", "@planetscale/database", "@prisma/client", "@tidbcloud/serverless", "@types/better-sqlite3", "@types/pg", "@types/react", "@types/sql.js", "@vercel/postgres", "@xata.io/client", "better-sqlite3", "bun-types", "expo-sqlite", "knex", "kysely", "mysql2", "pg", "postgres", "react", "sql.js", "sqlite3"] }, "sha512-1OZY3PXD7BR00Gl61UUOFihslDldfH4NFRH2MbP54Yxi0G/PKn4HfO65JYZ7c16DeP3SpM3Aw+VXVG9j6CRSXA=="],

    "hono": ["hono@4.12.1", "", {}, "sha512-hi9afu8g0lfJVLolxElAZGANCTTl6bewIdsRNhaywfP9K8BPf++F2z6OLrYGIinUwpRKzbZHMhPwvc0ZEpAwGw=="],

    "zod": ["zod@3.25.76", "", {}, "sha512-gzUt/qt81nXsFGKIFcC3YnfEAx5NkunCfnDlvuBSSFS02bcXu4Lmea0AFIUwbLWxWPx3d9p8S5QoaujKcNQxcQ=="],
  }
}
